
Microsoft Visual Studio Solution File, Format Version 12.00
# Visual Studio Version 17
VisualStudioVersion = 17.5.33530.505
MinimumVisualStudioVersion = 10.0.40219.1
Project("{9A19103F-16F7-4668-BE54-9A1E7A4F7556}") = "AITetris", "AITetris\AITetris.csproj", "{CABB8F70-302A-4B8F-92E3-1E75039829FA}"
EndProject
Global
	GlobalSection(SolutionConfigurationPlatforms) = preSolution
		Debug|Any CPU = Debug|Any CPU
		Release|Any CPU = Release|Any CPU
	EndGlobalSection
	GlobalSection(ProjectConfigurationPlatforms) = postSolution
		{CABB8F70-302A-4B8F-92E3-1E75039829FA}.Debug|Any CPU.ActiveCfg = Debug|Any CPU
		{CABB8F70-302A-4B8F-92E3-1E75039829FA}.Debug|Any CPU.Build.0 = Debug|Any CPU
		{CABB8F70-302A-4B8F-92E3-1E75039829FA}.Release|Any CPU.ActiveCfg = Release|Any CPU
		{CABB8F70-302A-4B8F-92E3-1E75039829FA}.Release|Any CPU.Build.0 = Release|Any CPU
	EndGlobalSection
	GlobalSection(SolutionProperties) = preSolution
		HideSolutionNode = FALSE
	EndGlobalSection
	GlobalSection(ExtensibilityGlobals) = postSolution
		SolutionGuid = {812F0043-0C66-4F74-A7E2-534AA8DB3271}
	EndGlobalSection
EndGlobal
